
Microsoft Visual Studio Solution File, Format Version 12.00
# Visual Studio 15
VisualStudioVersion = 15.0.27130.2024
MinimumVisualStudioVersion = 10.0.40219.1
Project("{2150E333-8FDC-42A3-9474-1A3956D46DE8}") = "Src", "Src", "{929F44D0-A040-4DC3-A22F-4C5829C05D44}"
EndProject
Project("{2150E333-8FDC-42A3-9474-1A3956D46DE8}") = "Solution Items", "Solution Items", "{9C98BA1B-1543-45B8-A11D-C31F51C0D22A}"
	ProjectSection(SolutionItems) = preProject
		LICENSE = LICENSE
		README.md = README.md
		version.xml = version.xml
	EndProjectSection
EndProject
Project("{FAE04EC0-301F-11D3-BF4B-00C04F79EFBC}") = "Microsoft.AspNet.WebHooks.Common", "Src\Microsoft.AspNet.WebHooks.Common\Microsoft.AspNet.WebHooks.Common.csproj", "{F7DD0935-6320-4EFC-9464-D5A2D2B8C2F7}"
EndProject
Project("{FAE04EC0-301F-11D3-BF4B-00C04F79EFBC}") = "Microsoft.AspNet.WebHooks.Custom", "Src\Microsoft.AspNet.WebHooks.Custom\Microsoft.AspNet.WebHooks.Custom.csproj", "{D4D210C6-3283-4D1D-806E-8717D8F51179}"
EndProject
Project("{FAE04EC0-301F-11D3-BF4B-00C04F79EFBC}") = "Microsoft.AspNet.WebHooks.Custom.Api", "Src\Microsoft.AspNet.WebHooks.Custom.Api\Microsoft.AspNet.WebHooks.Custom.Api.csproj", "{F0EE25B8-D851-40DA-AB2A-E0BACE9C1E5D}"
EndProject
Project("{FAE04EC0-301F-11D3-BF4B-00C04F79EFBC}") = "Microsoft.AspNet.WebHooks.Custom.Mvc", "Src\Microsoft.AspNet.WebHooks.Custom.Mvc\Microsoft.AspNet.WebHooks.Custom.Mvc.csproj", "{3F5AFF8F-081D-4E13-8317-ADA35ADE3AD7}"
EndProject
Project("{FAE04EC0-301F-11D3-BF4B-00C04F79EFBC}") = "Microsoft.AspNet.WebHooks.Custom.AzureStorage", "Src\Microsoft.AspNet.WebHooks.Custom.AzureStorage\Microsoft.AspNet.WebHooks.Custom.AzureStorage.csproj", "{052D913C-3756-4038-87E6-FCC2482597F5}"
EndProject
Project("{FAE04EC0-301F-11D3-BF4B-00C04F79EFBC}") = "Microsoft.AspNet.WebHooks.Custom.SqlStorage", "src\Microsoft.AspNet.WebHooks.Custom.SqlStorage\Microsoft.AspNet.WebHooks.Custom.SqlStorage.csproj", "{EAC99E25-F698-41B2-8671-740D642781AB}"
EndProject
Global
	GlobalSection(SolutionConfigurationPlatforms) = preSolution
		CodeAnalysis|Any CPU = CodeAnalysis|Any CPU
		Debug|Any CPU = Debug|Any CPU
		Release|Any CPU = Release|Any CPU
	EndGlobalSection
	GlobalSection(ProjectConfigurationPlatforms) = postSolution
		{F7DD0935-6320-4EFC-9464-D5A2D2B8C2F7}.CodeAnalysis|Any CPU.ActiveCfg = CodeAnalysis|Any CPU
		{F7DD0935-6320-4EFC-9464-D5A2D2B8C2F7}.CodeAnalysis|Any CPU.Build.0 = CodeAnalysis|Any CPU
		{F7DD0935-6320-4EFC-9464-D5A2D2B8C2F7}.Debug|Any CPU.ActiveCfg = Debug|Any CPU
		{F7DD0935-6320-4EFC-9464-D5A2D2B8C2F7}.Debug|Any CPU.Build.0 = Debug|Any CPU
		{F7DD0935-6320-4EFC-9464-D5A2D2B8C2F7}.Release|Any CPU.ActiveCfg = Release|Any CPU
		{F7DD0935-6320-4EFC-9464-D5A2D2B8C2F7}.Release|Any CPU.Build.0 = Release|Any CPU
		{D4D210C6-3283-4D1D-806E-8717D8F51179}.CodeAnalysis|Any CPU.ActiveCfg = CodeAnalysis|Any CPU
		{D4D210C6-3283-4D1D-806E-8717D8F51179}.CodeAnalysis|Any CPU.Build.0 = CodeAnalysis|Any CPU
		{D4D210C6-3283-4D1D-806E-8717D8F51179}.Debug|Any CPU.ActiveCfg = Debug|Any CPU
		{D4D210C6-3283-4D1D-806E-8717D8F51179}.Debug|Any CPU.Build.0 = Debug|Any CPU
		{D4D210C6-3283-4D1D-806E-8717D8F51179}.Release|Any CPU.ActiveCfg = Release|Any CPU
		{D4D210C6-3283-4D1D-806E-8717D8F51179}.Release|Any CPU.Build.0 = Release|Any CPU
		{F0EE25B8-D851-40DA-AB2A-E0BACE9C1E5D}.CodeAnalysis|Any CPU.ActiveCfg = CodeAnalysis|Any CPU
		{F0EE25B8-D851-40DA-AB2A-E0BACE9C1E5D}.CodeAnalysis|Any CPU.Build.0 = CodeAnalysis|Any CPU
		{F0EE25B8-D851-40DA-AB2A-E0BACE9C1E5D}.Debug|Any CPU.ActiveCfg = Debug|Any CPU
		{F0EE25B8-D851-40DA-AB2A-E0BACE9C1E5D}.Debug|Any CPU.Build.0 = Debug|Any CPU
		{F0EE25B8-D851-40DA-AB2A-E0BACE9C1E5D}.Release|Any CPU.ActiveCfg = Release|Any CPU
		{F0EE25B8-D851-40DA-AB2A-E0BACE9C1E5D}.Release|Any CPU.Build.0 = Release|Any CPU
		{3F5AFF8F-081D-4E13-8317-ADA35ADE3AD7}.CodeAnalysis|Any CPU.ActiveCfg = CodeAnalysis|Any CPU
		{3F5AFF8F-081D-4E13-8317-ADA35ADE3AD7}.CodeAnalysis|Any CPU.Build.0 = CodeAnalysis|Any CPU
		{3F5AFF8F-081D-4E13-8317-ADA35ADE3AD7}.Debug|Any CPU.ActiveCfg = Debug|Any CPU
		{3F5AFF8F-081D-4E13-8317-ADA35ADE3AD7}.Debug|Any CPU.Build.0 = Debug|Any CPU
		{3F5AFF8F-081D-4E13-8317-ADA35ADE3AD7}.Release|Any CPU.ActiveCfg = Release|Any CPU
		{3F5AFF8F-081D-4E13-8317-ADA35ADE3AD7}.Release|Any CPU.Build.0 = Release|Any CPU
		{052D913C-3756-4038-87E6-FCC2482597F5}.CodeAnalysis|Any CPU.ActiveCfg = CodeAnalysis|Any CPU
		{052D913C-3756-4038-87E6-FCC2482597F5}.CodeAnalysis|Any CPU.Build.0 = CodeAnalysis|Any CPU
		{052D913C-3756-4038-87E6-FCC2482597F5}.Debug|Any CPU.ActiveCfg = Debug|Any CPU
		{052D913C-3756-4038-87E6-FCC2482597F5}.Debug|Any CPU.Build.0 = Debug|Any CPU
		{052D913C-3756-4038-87E6-FCC2482597F5}.Release|Any CPU.ActiveCfg = Release|Any CPU
		{052D913C-3756-4038-87E6-FCC2482597F5}.Release|Any CPU.Build.0 = Release|Any CPU
		{EAC99E25-F698-41B2-8671-740D642781AB}.CodeAnalysis|Any CPU.ActiveCfg = CodeAnalysis|Any CPU
		{EAC99E25-F698-41B2-8671-740D642781AB}.CodeAnalysis|Any CPU.Build.0 = CodeAnalysis|Any CPU
		{EAC99E25-F698-41B2-8671-740D642781AB}.Debug|Any CPU.ActiveCfg = Debug|Any CPU
		{EAC99E25-F698-41B2-8671-740D642781AB}.Debug|Any CPU.Build.0 = Debug|Any CPU
		{EAC99E25-F698-41B2-8671-740D642781AB}.Release|Any CPU.ActiveCfg = Release|Any CPU
		{EAC99E25-F698-41B2-8671-740D642781AB}.Release|Any CPU.Build.0 = Release|Any CPU
	EndGlobalSection
	GlobalSection(SolutionProperties) = preSolution
		HideSolutionNode = FALSE
	EndGlobalSection
	GlobalSection(NestedProjects) = preSolution
		{F7DD0935-6320-4EFC-9464-D5A2D2B8C2F7} = {929F44D0-A040-4DC3-A22F-4C5829C05D44}
		{D4D210C6-3283-4D1D-806E-8717D8F51179} = {929F44D0-A040-4DC3-A22F-4C5829C05D44}
		{F0EE25B8-D851-40DA-AB2A-E0BACE9C1E5D} = {929F44D0-A040-4DC3-A22F-4C5829C05D44}
		{3F5AFF8F-081D-4E13-8317-ADA35ADE3AD7} = {929F44D0-A040-4DC3-A22F-4C5829C05D44}
		{052D913C-3756-4038-87E6-FCC2482597F5} = {929F44D0-A040-4DC3-A22F-4C5829C05D44}
		{EAC99E25-F698-41B2-8671-740D642781AB} = {929F44D0-A040-4DC3-A22F-4C5829C05D44}
	EndGlobalSection
	GlobalSection(ExtensibilityGlobals) = postSolution
		EnterpriseLibraryConfigurationToolBinariesPathV6 = packages\EnterpriseLibrary.TransientFaultHandling.6.0.1304.0\lib\portable-net45+win+wp8;packages\EnterpriseLibrary.TransientFaultHandling.Data.6.0.1304.1\lib\NET45
		SolutionGuid = {12CE6238-F847-4984-8622-1ED46072150A}
	EndGlobalSection
EndGlobal
